<Solution>
  <Folder Name="/src/">
    <Project Path="src/Sdcb.PaddleOCR/Sdcb.PaddleOCR.csproj" />
    <Project Path="src/Sdcb.PaddleOCR.ModelProvider/Sdcb.PaddleOCR.ModelProvider.csproj" />
  </Folder>
  <Folder Name="/src/Models/">
    <Project Path="src/models/Sdcb.PaddleOCR.Models.ChineseV6Medium/Sdcb.PaddleOCR.Models.ChineseV6Medium.csproj" />
    <Project Path="src/models/Sdcb.PaddleOCR.Models.ChineseV6Small/Sdcb.PaddleOCR.Models.ChineseV6Small.csproj" />
    <Project Path="src/models/Sdcb.PaddleOCR.Models.ChineseV6Tiny/Sdcb.PaddleOCR.Models.ChineseV6Tiny.csproj" />
    <Project Path="src/models/Sdcb.PaddleOCR.Models.TextLineOrientation/Sdcb.PaddleOCR.Models.TextLineOrientation.csproj" />
  </Folder>
  <Folder Name="/examples/">
    <Project Path="examples/ImageSharp.AspNetCore/ImageSharp.AspNetCore.csproj" />
    <Project Path="examples/SkiaSharp.Avalonia/SkiaSharp.Avalonia.csproj" />
    <Project Path="examples/OpenCvSharp5.Wpf/OpenCvSharp5.Wpf.csproj" />
    <Project Path="examples/SystemDrawing.WinForms/SystemDrawing.WinForms.csproj" />
  </Folder>
  <Folder Name="/test/">
    <Project Path="test/Sdcb.PaddleOCR.TestData/Sdcb.PaddleOCR.TestData.csproj" />
    <Project Path="test/Sdcb.PaddleOCR.Tests/Sdcb.PaddleOCR.Tests.csproj" />
    <Project Path="test/Sdcb.PaddleOCR.TestReport/Sdcb.PaddleOCR.TestReport.csproj" />
  </Folder>
</Solution>
